PODS:
  - flutter_web_auth (0.2.4):
    - FlutterMacOS
  - FlutterMacOS (1.0.0)

DEPENDENCIES:
  - flutter_web_auth (from `Flutter/ephemeral/.symlinks/plugins/flutter_web_auth/macos`)
  - FlutterMacOS (from `Flutter/ephemeral/.symlinks/flutter/darwin-x64`)

EXTERNAL SOURCES:
  flutter_web_auth:
    :path: Flutter/ephemeral/.symlinks/plugins/flutter_web_auth/macos
  FlutterMacOS:
    :path: Flutter/ephemeral/.symlinks/flutter/darwin-x64

SPEC CHECKSUMS:
  flutter_web_auth: 2c46f02fe2fde0a2d852c9fe090fe499fcf91a58
  FlutterMacOS: 15bea8a44d2fa024068daa0140371c020b4b6ff9

PODFILE CHECKSUM: 882fce9150893cd66c23bbd28a572b3439b8ac6d

COCOAPODS: 1.9.1
